
Microsoft Visual Studio Solution File, Format Version 12.00
Project("{FAE04EC0-301F-11D3-BF4B-00C04F79EFBC}") = "secret_santa", "secret_santa\secret_santa.csproj", "{57C32F51-4C2E-417D-B20A-550AC5CE589D}"
EndProject
Global
	GlobalSection(SolutionConfigurationPlatforms) = preSolution
		Debug|Any CPU = Debug|Any CPU
		Release|Any CPU = Release|Any CPU
	EndGlobalSection
	GlobalSection(ProjectConfigurationPlatforms) = postSolution
		{57C32F51-4C2E-417D-B20A-550AC5CE589D}.Debug|Any CPU.ActiveCfg = Debug|Any CPU
		{57C32F51-4C2E-417D-B20A-550AC5CE589D}.Debug|Any CPU.Build.0 = Debug|Any CPU
		{57C32F51-4C2E-417D-B20A-550AC5CE589D}.Release|Any CPU.ActiveCfg = Release|Any CPU
		{57C32F51-4C2E-417D-B20A-550AC5CE589D}.Release|Any CPU.Build.0 = Release|Any CPU
	EndGlobalSection
EndGlobal
